
Microsoft Visual Studio Solution File, Format Version 12.00
# Visual Studio 15
VisualStudioVersion = 15.0.27428.1
MinimumVisualStudioVersion = 10.0.40219.1
Project("{FAE04EC0-301F-11D3-BF4B-00C04F79EFBC}") = "01-費事數列", "費事數列\01-費事數列.csproj", "{BA6B24E4-2D1D-4CE6-B111-8B863110F069}"
EndProject
Project("{FAE04EC0-301F-11D3-BF4B-00C04F79EFBC}") = "02-猴子找大王", "02-猴子找大王\02-猴子找大王.csproj", "{639583CC-87DE-4A82-A531-8A6F1A2B942D}"
EndProject
Project("{FAE04EC0-301F-11D3-BF4B-00C04F79EFBC}") = "05-滷味", "05-滷味\05-滷味.csproj", "{2F6560F8-7B8B-411E-885D-0BFD49B6D0D2}"
EndProject
Project("{FAE04EC0-301F-11D3-BF4B-00C04F79EFBC}") = "06-停車費率", "06-停車費率\06-停車費率.csproj", "{479E3BBF-B033-4777-91D1-F56AFB6C520C}"
EndProject
Project("{FAE04EC0-301F-11D3-BF4B-00C04F79EFBC}") = "03-業績計算", "03-業績計算\03-業績計算.csproj", "{E62F865F-8040-44E3-A34B-E31D3C372FC4}"
EndProject
Project("{FAE04EC0-301F-11D3-BF4B-00C04F79EFBC}") = "04-運輸票價", "04-運輸票價\04-運輸票價.csproj", "{D7F5A2AB-38AF-49EC-9E1C-52D4EAE6F341}"
EndProject
Global
	GlobalSection(SolutionConfigurationPlatforms) = preSolution
		Debug|Any CPU = Debug|Any CPU
		Release|Any CPU = Release|Any CPU
	EndGlobalSection
	GlobalSection(ProjectConfigurationPlatforms) = postSolution
		{BA6B24E4-2D1D-4CE6-B111-8B863110F069}.Debug|Any CPU.ActiveCfg = Debug|Any CPU
		{BA6B24E4-2D1D-4CE6-B111-8B863110F069}.Debug|Any CPU.Build.0 = Debug|Any CPU
		{BA6B24E4-2D1D-4CE6-B111-8B863110F069}.Release|Any CPU.ActiveCfg = Release|Any CPU
		{BA6B24E4-2D1D-4CE6-B111-8B863110F069}.Release|Any CPU.Build.0 = Release|Any CPU
		{639583CC-87DE-4A82-A531-8A6F1A2B942D}.Debug|Any CPU.ActiveCfg = Debug|Any CPU
		{639583CC-87DE-4A82-A531-8A6F1A2B942D}.Debug|Any CPU.Build.0 = Debug|Any CPU
		{639583CC-87DE-4A82-A531-8A6F1A2B942D}.Release|Any CPU.ActiveCfg = Release|Any CPU
		{639583CC-87DE-4A82-A531-8A6F1A2B942D}.Release|Any CPU.Build.0 = Release|Any CPU
		{2F6560F8-7B8B-411E-885D-0BFD49B6D0D2}.Debug|Any CPU.ActiveCfg = Debug|Any CPU
		{2F6560F8-7B8B-411E-885D-0BFD49B6D0D2}.Debug|Any CPU.Build.0 = Debug|Any CPU
		{2F6560F8-7B8B-411E-885D-0BFD49B6D0D2}.Release|Any CPU.ActiveCfg = Release|Any CPU
		{2F6560F8-7B8B-411E-885D-0BFD49B6D0D2}.Release|Any CPU.Build.0 = Release|Any CPU
		{479E3BBF-B033-4777-91D1-F56AFB6C520C}.Debug|Any CPU.ActiveCfg = Debug|Any CPU
		{479E3BBF-B033-4777-91D1-F56AFB6C520C}.Debug|Any CPU.Build.0 = Debug|Any CPU
		{479E3BBF-B033-4777-91D1-F56AFB6C520C}.Release|Any CPU.ActiveCfg = Release|Any CPU
		{479E3BBF-B033-4777-91D1-F56AFB6C520C}.Release|Any CPU.Build.0 = Release|Any CPU
		{E62F865F-8040-44E3-A34B-E31D3C372FC4}.Debug|Any CPU.ActiveCfg = Debug|Any CPU
		{E62F865F-8040-44E3-A34B-E31D3C372FC4}.Debug|Any CPU.Build.0 = Debug|Any CPU
		{E62F865F-8040-44E3-A34B-E31D3C372FC4}.Release|Any CPU.ActiveCfg = Release|Any CPU
		{E62F865F-8040-44E3-A34B-E31D3C372FC4}.Release|Any CPU.Build.0 = Release|Any CPU
		{D7F5A2AB-38AF-49EC-9E1C-52D4EAE6F341}.Debug|Any CPU.ActiveCfg = Debug|Any CPU
		{D7F5A2AB-38AF-49EC-9E1C-52D4EAE6F341}.Debug|Any CPU.Build.0 = Debug|Any CPU
		{D7F5A2AB-38AF-49EC-9E1C-52D4EAE6F341}.Release|Any CPU.ActiveCfg = Release|Any CPU
		{D7F5A2AB-38AF-49EC-9E1C-52D4EAE6F341}.Release|Any CPU.Build.0 = Release|Any CPU
	EndGlobalSection
	GlobalSection(SolutionProperties) = preSolution
		HideSolutionNode = FALSE
	EndGlobalSection
	GlobalSection(ExtensibilityGlobals) = postSolution
		SolutionGuid = {D740D7DC-ED3E-4C57-93E4-E04FA04B0568}
	EndGlobalSection
EndGlobal
